
Microsoft Visual Studio Solution File, Format Version 12.00
# Visual Studio Version 16
VisualStudioVersion = 16.0.28803.202
MinimumVisualStudioVersion = 10.0.40219.1
Project("{FAE04EC0-301F-11D3-BF4B-00C04F79EFBC}") = "AzureRedis", "AzureRedis\AzureRedis.csproj", "{87235087-890F-4820-B602-084443741778}"
EndProject
Global
	GlobalSection(SolutionConfigurationPlatforms) = preSolution
		Debug|Any CPU = Debug|Any CPU
		Release|Any CPU = Release|Any CPU
	EndGlobalSection
	GlobalSection(ProjectConfigurationPlatforms) = postSolution
		{87235087-890F-4820-B602-084443741778}.Debug|Any CPU.ActiveCfg = Debug|Any CPU
		{87235087-890F-4820-B602-084443741778}.Debug|Any CPU.Build.0 = Debug|Any CPU
		{87235087-890F-4820-B602-084443741778}.Release|Any CPU.ActiveCfg = Release|Any CPU
		{87235087-890F-4820-B602-084443741778}.Release|Any CPU.Build.0 = Release|Any CPU
	EndGlobalSection
	GlobalSection(SolutionProperties) = preSolution
		HideSolutionNode = FALSE
	EndGlobalSection
	GlobalSection(ExtensibilityGlobals) = postSolution
		SolutionGuid = {D77077C7-6972-4BE3-A065-E6C72730CD0D}
	EndGlobalSection
EndGlobal
